// !$*UTF8*$!
{
	archiveVersion = 1;
	classes = {
	};
	objectVersion = 46;
	objects = {

/* Begin PBXBuildFile section */
		2A2B634D1ADD9FB7004C6CCB /* FCResponseDeserializer.m in Sources */ = {isa = PBXBuildFile; fileRef = 2A2B634C1ADD9FB7004C6CCB /* FCResponseDeserializer.m */; };
		2A6514A81ADF1F490046BA76 /* FashionCollectionAPITests.m in Sources */ = {isa = PBXBuildFile; fileRef = 2A6514A71ADF1F490046BA76 /* FashionCollectionAPITests.m */; };
		2A88DA6A1AD32328007A618C /* FCAuthor.m in Sources */ = {isa = PBXBuildFile; fileRef = 2A88DA691AD32328007A618C /* FCAuthor.m */; };
		2A88DA6D1AD32352007A618C /* FCFeaturedImage.m in Sources */ = {isa = PBXBuildFile; fileRef = 2A88DA6C1AD32352007A618C /* FCFeaturedImage.m */; };
		2A88DA701AD3237B007A618C /* FCAttachmentMeta.m in Sources */ = {isa = PBXBuildFile; fileRef = 2A88DA6F1AD3237B007A618C /* FCAttachmentMeta.m */; };
		2A88DA731AD32393007A618C /* FCTerms.m in Sources */ = {isa = PBXBuildFile; fileRef = 2A88DA721AD32393007A618C /* FCTerms.m */; };
		2A88DA761AD323B7007A618C /* FCPostTag.m in Sources */ = {isa = PBXBuildFile; fileRef = 2A88DA751AD323B7007A618C /* FCPostTag.m */; };
		2AA8A5431AD5C70600530047 /* FCHTTPClientTests.m in Sources */ = {isa = PBXBuildFile; fileRef = 2AA8A5421AD5C70600530047 /* FCHTTPClientTests.m */; };
		2AF330C81AD91E5E00E1CB68 /* ExampleContent in Sources */ = {isa = PBXBuildFile; fileRef = 2AF330C71AD91E5E00E1CB68 /* ExampleContent */; };
		2AFD71731AD46B3300DA1FA2 /* FCCategory.m in Sources */ = {isa = PBXBuildFile; fileRef = 2AFD71711AD46B3300DA1FA2 /* FCCategory.m */; };
		2AFD71741AD46B3300DA1FA2 /* FCPost.m in Sources */ = {isa = PBXBuildFile; fileRef = 2AFD71721AD46B3300DA1FA2 /* FCPost.m */; };
		34B828F12837BAB923F3D16B /* libPods-FashionNewsFeedTests.a in Frameworks */ = {isa = PBXBuildFile; fileRef = 9FDD1CC86E81D5154F3E3DAF /* libPods-FashionNewsFeedTests.a */; };
		832922801AEBB57600FE6761 /* FCTableViewCell2.m in Sources */ = {isa = PBXBuildFile; fileRef = 8329227F1AEBB57600FE6761 /* FCTableViewCell2.m */; };
		832B3A8A1ACA918B00D34619 /* SideBarMenuTableViewContoller.m in Sources */ = {isa = PBXBuildFile; fileRef = 832B3A891ACA918B00D34619 /* SideBarMenuTableViewContoller.m */; };
		832B3A8D1ACA922900D34619 /* NewsContentContoller.m in Sources */ = {isa = PBXBuildFile; fileRef = 832B3A8C1ACA922900D34619 /* NewsContentContoller.m */; };
		8362508F1AC5E39400370340 /* main.m in Sources */ = {isa = PBXBuildFile; fileRef = 8362508E1AC5E39400370340 /* main.m */; };
		836250921AC5E39400370340 /* AppDelegate.m in Sources */ = {isa = PBXBuildFile; fileRef = 836250911AC5E39400370340 /* AppDelegate.m */; };
		836250951AC5E39400370340 /* MainViewController.m in Sources */ = {isa = PBXBuildFile; fileRef = 836250941AC5E39400370340 /* MainViewController.m */; };
		836250981AC5E39400370340 /* Main.storyboard in Resources */ = {isa = PBXBuildFile; fileRef = 836250961AC5E39400370340 /* Main.storyboard */; };
		8362509A1AC5E39400370340 /* Images.xcassets in Resources */ = {isa = PBXBuildFile; fileRef = 836250991AC5E39400370340 /* Images.xcassets */; };
		8362509D1AC5E39400370340 /* LaunchScreen.xib in Resources */ = {isa = PBXBuildFile; fileRef = 8362509B1AC5E39400370340 /* LaunchScreen.xib */; };
		836250A91AC5E39400370340 /* FashionNewsFeedTests.m in Sources */ = {isa = PBXBuildFile; fileRef = 836250A81AC5E39400370340 /* FashionNewsFeedTests.m */; };
		836B8A091AE4CC6A002A37D2 /* newsFeaturedImageView.m in Sources */ = {isa = PBXBuildFile; fileRef = 836B8A081AE4CC6A002A37D2 /* newsFeaturedImageView.m */; };
		836B8A0B1AE94048002A37D2 /* PageContentViewController.m in Sources */ = {isa = PBXBuildFile; fileRef = 836B8A0A1AE94048002A37D2 /* PageContentViewController.m */; };
		838A28C71ACBE48A004F3298 /* FashionCollectionAPI.m in Sources */ = {isa = PBXBuildFile; fileRef = 838A28C61ACBE48A004F3298 /* FashionCollectionAPI.m */; };
		838A28CA1ACBE4AD004F3298 /* PersistencyManager.m in Sources */ = {isa = PBXBuildFile; fileRef = 838A28C91ACBE4AD004F3298 /* PersistencyManager.m */; };
		838A28CD1ACBE4C4004F3298 /* FCHTTPClient.m in Sources */ = {isa = PBXBuildFile; fileRef = 838A28CC1ACBE4C4004F3298 /* FCHTTPClient.m */; };
		83AC6B831AC7E186001544A6 /* SWRevealViewController.m in Sources */ = {isa = PBXBuildFile; fileRef = 83AC6B821AC7E186001544A6 /* SWRevealViewController.m */; };
		83F4B3601ACEE6B60055E865 /* NavigationBarWithBottomStroke.m in Sources */ = {isa = PBXBuildFile; fileRef = 83F4B35F1ACEE6B60055E865 /* NavigationBarWithBottomStroke.m */; };
		8505FBD5CEFF5EE843A393DD /* libPods-FashionNewsFeed.a in Frameworks */ = {isa = PBXBuildFile; fileRef = 771DCDCF14237555CD2ADE17 /* libPods-FashionNewsFeed.a */; };
		8615566D1AE82F5D0060EAB2 /* DataCategory.m in Sources */ = {isa = PBXBuildFile; fileRef = 8615566C1AE82F5D0060EAB2 /* DataCategory.m */; };
		861556701AE82F5E0060EAB2 /* DataPostTag.m in Sources */ = {isa = PBXBuildFile; fileRef = 8615566F1AE82F5E0060EAB2 /* DataPostTag.m */; };
		861556731AE82F5E0060EAB2 /* DataTerms.m in Sources */ = {isa = PBXBuildFile; fileRef = 861556721AE82F5E0060EAB2 /* DataTerms.m */; };
		861556761AE82F5E0060EAB2 /* DataPost.m in Sources */ = {isa = PBXBuildFile; fileRef = 861556751AE82F5E0060EAB2 /* DataPost.m */; };
		861556791AE82F5E0060EAB2 /* DataAuthor.m in Sources */ = {isa = PBXBuildFile; fileRef = 861556781AE82F5E0060EAB2 /* DataAuthor.m */; };
		866336C41AD85C02003CE4DC /* FCTableViewCell.m in Sources */ = {isa = PBXBuildFile; fileRef = 866336C31AD85C02003CE4DC /* FCTableViewCell.m */; };
		868C1E181AD85F4700AEEBFF /* coreData.xcdatamodeld in Sources */ = {isa = PBXBuildFile; fileRef = 868C1E161AD85F4700AEEBFF /* coreData.xcdatamodeld */; };
/* End PBXBuildFile section */

/* Begin PBXContainerItemProxy section */
		836250A31AC5E39400370340 /* PBXContainerItemProxy */ = {
			isa = PBXContainerItemProxy;
			containerPortal = 836250811AC5E39400370340 /* Project object */;
			proxyType = 1;
			remoteGlobalIDString = 836250881AC5E39400370340;
			remoteInfo = FashionNewsFeed;
		};
/* End PBXContainerItemProxy section */

/* Begin PBXFileReference section */
		11172E0DC9B8ACB18D45F871 /* Pods-FashionNewsFeed.release.xcconfig */ = {isa = PBXFileReference; includeInIndex = 1; lastKnownFileType = text.xcconfig; name = "Pods-FashionNewsFeed.release.xcconfig"; path = "Pods/Target Support Files/Pods-FashionNewsFeed/Pods-FashionNewsFeed.release.xcconfig"; sourceTree = "<group>"; };
		135EB12A5DDD5B6DE7B3FE5A /* Pods-FashionNewsFeedTests.debug.xcconfig */ = {isa = PBXFileReference; includeInIndex = 1; lastKnownFileType = text.xcconfig; name = "Pods-FashionNewsFeedTests.debug.xcconfig"; path = "Pods/Target Support Files/Pods-FashionNewsFeedTests/Pods-FashionNewsFeedTests.debug.xcconfig"; sourceTree = "<group>"; };
		2A2B634B1ADD9FB7004C6CCB /* FCResponseDeserializer.h */ = {isa = PBXFileReference; fileEncoding = 4; lastKnownFileType = sourcecode.c.h; name = FCResponseDeserializer.h; path = "untitled folder/FCResponseDeserializer.h"; sourceTree = "<group>"; };
		2A2B634C1ADD9FB7004C6CCB /* FCResponseDeserializer.m */ = {isa = PBXFileReference; fileEncoding = 4; lastKnownFileType = sourcecode.c.objc; name = FCResponseDeserializer.m; path = "untitled folder/FCResponseDeserializer.m"; sourceTree = "<group>"; };
		2A6514A71ADF1F490046BA76 /* FashionCollectionAPITests.m */ = {isa = PBXFileReference; fileEncoding = 4; lastKnownFileType = sourcecode.c.objc; path = FashionCollectionAPITests.m; sourceTree = "<group>"; };
		2A88DA681AD32328007A618C /* FCAuthor.h */ = {isa = PBXFileReference; fileEncoding = 4; lastKnownFileType = sourcecode.c.h; name = FCAuthor.h; path = Model/FCAuthor.h; sourceTree = "<group>"; };
		2A88DA691AD32328007A618C /* FCAuthor.m */ = {isa = PBXFileReference; fileEncoding = 4; lastKnownFileType = sourcecode.c.objc; name = FCAuthor.m; path = Model/FCAuthor.m; sourceTree = "<group>"; };
		2A88DA6B1AD32352007A618C /* FCFeaturedImage.h */ = {isa = PBXFileReference; fileEncoding = 4; lastKnownFileType = sourcecode.c.h; name = FCFeaturedImage.h; path = Model/FCFeaturedImage.h; sourceTree = "<group>"; };
		2A88DA6C1AD32352007A618C /* FCFeaturedImage.m */ = {isa = PBXFileReference; fileEncoding = 4; lastKnownFileType = sourcecode.c.objc; name = FCFeaturedImage.m; path = Model/FCFeaturedImage.m; sourceTree = "<group>"; };
		2A88DA6E1AD3237B007A618C /* FCAttachmentMeta.h */ = {isa = PBXFileReference; fileEncoding = 4; lastKnownFileType = sourcecode.c.h; name = FCAttachmentMeta.h; path = Model/FCAttachmentMeta.h; sourceTree = "<group>"; };
		2A88DA6F1AD3237B007A618C /* FCAttachmentMeta.m */ = {isa = PBXFileReference; fileEncoding = 4; lastKnownFileType = sourcecode.c.objc; name = FCAttachmentMeta.m; path = Model/FCAttachmentMeta.m; sourceTree = "<group>"; };
		2A88DA711AD32393007A618C /* FCTerms.h */ = {isa = PBXFileReference; fileEncoding = 4; lastKnownFileType = sourcecode.c.h; name = FCTerms.h; path = Model/FCTerms.h; sourceTree = "<group>"; };
		2A88DA721AD32393007A618C /* FCTerms.m */ = {isa = PBXFileReference; fileEncoding = 4; lastKnownFileType = sourcecode.c.objc; name = FCTerms.m; path = Model/FCTerms.m; sourceTree = "<group>"; };
		2A88DA741AD323B7007A618C /* FCPostTag.h */ = {isa = PBXFileReference; fileEncoding = 4; lastKnownFileType = sourcecode.c.h; name = FCPostTag.h; path = Model/FCPostTag.h; sourceTree = "<group>"; };
		2A88DA751AD323B7007A618C /* FCPostTag.m */ = {isa = PBXFileReference; fileEncoding = 4; lastKnownFileType = sourcecode.c.objc; name = FCPostTag.m; path = Model/FCPostTag.m; sourceTree = "<group>"; };
		2AA8A5421AD5C70600530047 /* FCHTTPClientTests.m */ = {isa = PBXFileReference; fileEncoding = 4; lastKnownFileType = sourcecode.c.objc; path = FCHTTPClientTests.m; sourceTree = "<group>"; };
		2AF330C71AD91E5E00E1CB68 /* ExampleContent */ = {isa = PBXFileReference; fileEncoding = 4; lastKnownFileType = text; path = ExampleContent; sourceTree = "<group>"; };
		2AFD716F1AD46B3300DA1FA2 /* FCCategory.h */ = {isa = PBXFileReference; fileEncoding = 4; lastKnownFileType = sourcecode.c.h; name = FCCategory.h; path = Model/FCCategory.h; sourceTree = "<group>"; };
		2AFD71701AD46B3300DA1FA2 /* FCPost.h */ = {isa = PBXFileReference; fileEncoding = 4; lastKnownFileType = sourcecode.c.h; name = FCPost.h; path = Model/FCPost.h; sourceTree = "<group>"; };
		2AFD71711AD46B3300DA1FA2 /* FCCategory.m */ = {isa = PBXFileReference; fileEncoding = 4; lastKnownFileType = sourcecode.c.objc; name = FCCategory.m; path = Model/FCCategory.m; sourceTree = "<group>"; };
		2AFD71721AD46B3300DA1FA2 /* FCPost.m */ = {isa = PBXFileReference; fileEncoding = 4; lastKnownFileType = sourcecode.c.objc; name = FCPost.m; path = Model/FCPost.m; sourceTree = "<group>"; };
		771DCDCF14237555CD2ADE17 /* libPods-FashionNewsFeed.a */ = {isa = PBXFileReference; explicitFileType = archive.ar; includeInIndex = 0; path = "libPods-FashionNewsFeed.a"; sourceTree = BUILT_PRODUCTS_DIR; };
		7F1612489324A6B0BE012158 /* Pods-FashionNewsFeed.debug.xcconfig */ = {isa = PBXFileReference; includeInIndex = 1; lastKnownFileType = text.xcconfig; name = "Pods-FashionNewsFeed.debug.xcconfig"; path = "Pods/Target Support Files/Pods-FashionNewsFeed/Pods-FashionNewsFeed.debug.xcconfig"; sourceTree = "<group>"; };
		8329227E1AEBB57600FE6761 /* FCTableViewCell2.h */ = {isa = PBXFileReference; fileEncoding = 4; lastKnownFileType = sourcecode.c.h; path = FCTableViewCell2.h; sourceTree = "<group>"; };
		8329227F1AEBB57600FE6761 /* FCTableViewCell2.m */ = {isa = PBXFileReference; fileEncoding = 4; lastKnownFileType = sourcecode.c.objc; path = FCTableViewCell2.m; sourceTree = "<group>"; };
		832B3A881ACA918B00D34619 /* SideBarMenuTableViewContoller.h */ = {isa = PBXFileReference; fileEncoding = 4; lastKnownFileType = sourcecode.c.h; path = SideBarMenuTableViewContoller.h; sourceTree = "<group>"; };
		832B3A891ACA918B00D34619 /* SideBarMenuTableViewContoller.m */ = {isa = PBXFileReference; fileEncoding = 4; lastKnownFileType = sourcecode.c.objc; path = SideBarMenuTableViewContoller.m; sourceTree = "<group>"; };
		832B3A8B1ACA922900D34619 /* NewsContentContoller.h */ = {isa = PBXFileReference; fileEncoding = 4; lastKnownFileType = sourcecode.c.h; path = NewsContentContoller.h; sourceTree = "<group>"; };
		832B3A8C1ACA922900D34619 /* NewsContentContoller.m */ = {isa = PBXFileReference; fileEncoding = 4; lastKnownFileType = sourcecode.c.objc; path = NewsContentContoller.m; sourceTree = "<group>"; };
		836250891AC5E39400370340 /* FashionNewsFeed.app */ = {isa = PBXFileReference; explicitFileType = wrapper.application; includeInIndex = 0; path = FashionNewsFeed.app; sourceTree = BUILT_PRODUCTS_DIR; };
		8362508D1AC5E39400370340 /* Info.plist */ = {isa = PBXFileReference; lastKnownFileType = text.plist.xml; path = Info.plist; sourceTree = "<group>"; };
		8362508E1AC5E39400370340 /* main.m */ = {isa = PBXFileReference; lastKnownFileType = sourcecode.c.objc; path = main.m; sourceTree = "<group>"; };
		836250901AC5E39400370340 /* AppDelegate.h */ = {isa = PBXFileReference; lastKnownFileType = sourcecode.c.h; path = AppDelegate.h; sourceTree = "<group>"; };
		836250911AC5E39400370340 /* AppDelegate.m */ = {isa = PBXFileReference; lastKnownFileType = sourcecode.c.objc; path = AppDelegate.m; sourceTree = "<group>"; };
		836250931AC5E39400370340 /* MainViewController.h */ = {isa = PBXFileReference; lastKnownFileType = sourcecode.c.h; path = MainViewController.h; sourceTree = "<group>"; };
		836250941AC5E39400370340 /* MainViewController.m */ = {isa = PBXFileReference; lastKnownFileType = sourcecode.c.objc; path = MainViewController.m; sourceTree = "<group>"; };
		836250971AC5E39400370340 /* Base */ = {isa = PBXFileReference; lastKnownFileType = file.storyboard; name = Base; path = Base.lproj/Main.storyboard; sourceTree = "<group>"; };
		836250991AC5E39400370340 /* Images.xcassets */ = {isa = PBXFileReference; lastKnownFileType = folder.assetcatalog; path = Images.xcassets; sourceTree = "<group>"; };
		8362509C1AC5E39400370340 /* Base */ = {isa = PBXFileReference; lastKnownFileType = file.xib; name = Base; path = Base.lproj/LaunchScreen.xib; sourceTree = "<group>"; };
		836250A21AC5E39400370340 /* FashionNewsFeedTests.xctest */ = {isa = PBXFileReference; explicitFileType = wrapper.cfbundle; includeInIndex = 0; path = FashionNewsFeedTests.xctest; sourceTree = BUILT_PRODUCTS_DIR; };
		836250A71AC5E39400370340 /* Info.plist */ = {isa = PBXFileReference; lastKnownFileType = text.plist.xml; path = Info.plist; sourceTree = "<group>"; };
		836250A81AC5E39400370340 /* FashionNewsFeedTests.m */ = {isa = PBXFileReference; lastKnownFileType = sourcecode.c.objc; path = FashionNewsFeedTests.m; sourceTree = "<group>"; };
		836250B21AC5E4A200370340 /* PageContentViewController.h */ = {isa = PBXFileReference; fileEncoding = 4; lastKnownFileType = sourcecode.c.h; path = PageContentViewController.h; sourceTree = "<group>"; };
		836B8A071AE4CC6A002A37D2 /* newsFeaturedImageView.h */ = {isa = PBXFileReference; fileEncoding = 4; lastKnownFileType = sourcecode.c.h; path = newsFeaturedImageView.h; sourceTree = "<group>"; };
		836B8A081AE4CC6A002A37D2 /* newsFeaturedImageView.m */ = {isa = PBXFileReference; fileEncoding = 4; lastKnownFileType = sourcecode.c.objc; path = newsFeaturedImageView.m; sourceTree = "<group>"; };
		836B8A0A1AE94048002A37D2 /* PageContentViewController.m */ = {isa = PBXFileReference; fileEncoding = 4; lastKnownFileType = sourcecode.c.objc; path = PageContentViewController.m; sourceTree = "<group>"; };
		838A28C51ACBE48A004F3298 /* FashionCollectionAPI.h */ = {isa = PBXFileReference; fileEncoding = 4; lastKnownFileType = sourcecode.c.h; path = FashionCollectionAPI.h; sourceTree = "<group>"; };
		838A28C61ACBE48A004F3298 /* FashionCollectionAPI.m */ = {isa = PBXFileReference; fileEncoding = 4; lastKnownFileType = sourcecode.c.objc; path = FashionCollectionAPI.m; sourceTree = "<group>"; };
		838A28C81ACBE4AD004F3298 /* PersistencyManager.h */ = {isa = PBXFileReference; fileEncoding = 4; lastKnownFileType = sourcecode.c.h; path = PersistencyManager.h; sourceTree = "<group>"; };
		838A28C91ACBE4AD004F3298 /* PersistencyManager.m */ = {isa = PBXFileReference; fileEncoding = 4; lastKnownFileType = sourcecode.c.objc; path = PersistencyManager.m; sourceTree = "<group>"; };
		838A28CB1ACBE4C4004F3298 /* FCHTTPClient.h */ = {isa = PBXFileReference; fileEncoding = 4; lastKnownFileType = sourcecode.c.h; path = FCHTTPClient.h; sourceTree = "<group>"; };
		838A28CC1ACBE4C4004F3298 /* FCHTTPClient.m */ = {isa = PBXFileReference; fileEncoding = 4; lastKnownFileType = sourcecode.c.objc; path = FCHTTPClient.m; sourceTree = "<group>"; };
		83AC6B811AC7E186001544A6 /* SWRevealViewController.h */ = {isa = PBXFileReference; fileEncoding = 4; lastKnownFileType = sourcecode.c.h; path = SWRevealViewController.h; sourceTree = "<group>"; };
		83AC6B821AC7E186001544A6 /* SWRevealViewController.m */ = {isa = PBXFileReference; fileEncoding = 4; lastKnownFileType = sourcecode.c.objc; path = SWRevealViewController.m; sourceTree = "<group>"; };
		83F4B35E1ACEE6B60055E865 /* NavigationBarWithBottomStroke.h */ = {isa = PBXFileReference; fileEncoding = 4; lastKnownFileType = sourcecode.c.h; path = NavigationBarWithBottomStroke.h; sourceTree = "<group>"; };
		83F4B35F1ACEE6B60055E865 /* NavigationBarWithBottomStroke.m */ = {isa = PBXFileReference; fileEncoding = 4; lastKnownFileType = sourcecode.c.objc; path = NavigationBarWithBottomStroke.m; sourceTree = "<group>"; };
		8615566B1AE82F5D0060EAB2 /* DataCategory.h */ = {isa = PBXFileReference; fileEncoding = 4; lastKnownFileType = sourcecode.c.h; name = DataCategory.h; path = Data/DataCategory.h; sourceTree = "<group>"; };
		8615566C1AE82F5D0060EAB2 /* DataCategory.m */ = {isa = PBXFileReference; fileEncoding = 4; lastKnownFileType = sourcecode.c.objc; name = DataCategory.m; path = Data/DataCategory.m; sourceTree = "<group>"; };
		8615566E1AE82F5E0060EAB2 /* DataPostTag.h */ = {isa = PBXFileReference; fileEncoding = 4; lastKnownFileType = sourcecode.c.h; name = DataPostTag.h; path = Data/DataPostTag.h; sourceTree = "<group>"; };
		8615566F1AE82F5E0060EAB2 /* DataPostTag.m */ = {isa = PBXFileReference; fileEncoding = 4; lastKnownFileType = sourcecode.c.objc; name = DataPostTag.m; path = Data/DataPostTag.m; sourceTree = "<group>"; };
		861556711AE82F5E0060EAB2 /* DataTerms.h */ = {isa = PBXFileReference; fileEncoding = 4; lastKnownFileType = sourcecode.c.h; name = DataTerms.h; path = Data/DataTerms.h; sourceTree = "<group>"; };
		861556721AE82F5E0060EAB2 /* DataTerms.m */ = {isa = PBXFileReference; fileEncoding = 4; lastKnownFileType = sourcecode.c.objc; name = DataTerms.m; path = Data/DataTerms.m; sourceTree = "<group>"; };
		861556741AE82F5E0060EAB2 /* DataPost.h */ = {isa = PBXFileReference; fileEncoding = 4; lastKnownFileType = sourcecode.c.h; name = DataPost.h; path = Data/DataPost.h; sourceTree = "<group>"; };
		861556751AE82F5E0060EAB2 /* DataPost.m */ = {isa = PBXFileReference; fileEncoding = 4; lastKnownFileType = sourcecode.c.objc; name = DataPost.m; path = Data/DataPost.m; sourceTree = "<group>"; };
		861556771AE82F5E0060EAB2 /* DataAuthor.h */ = {isa = PBXFileReference; fileEncoding = 4; lastKnownFileType = sourcecode.c.h; name = DataAuthor.h; path = Data/DataAuthor.h; sourceTree = "<group>"; };
		861556781AE82F5E0060EAB2 /* DataAuthor.m */ = {isa = PBXFileReference; fileEncoding = 4; lastKnownFileType = sourcecode.c.objc; name = DataAuthor.m; path = Data/DataAuthor.m; sourceTree = "<group>"; };
		866336C21AD85C02003CE4DC /* FCTableViewCell.h */ = {isa = PBXFileReference; fileEncoding = 4; lastKnownFileType = sourcecode.c.h; name = FCTableViewCell.h; path = View/FCTableViewCell.h; sourceTree = "<group>"; };
		866336C31AD85C02003CE4DC /* FCTableViewCell.m */ = {isa = PBXFileReference; fileEncoding = 4; lastKnownFileType = sourcecode.c.objc; name = FCTableViewCell.m; path = View/FCTableViewCell.m; sourceTree = "<group>"; };
		868C1E171AD85F4700AEEBFF /* coreData.xcdatamodel */ = {isa = PBXFileReference; lastKnownFileType = wrapper.xcdatamodel; path = coreData.xcdatamodel; sourceTree = "<group>"; };
		9FDD1CC86E81D5154F3E3DAF /* libPods-FashionNewsFeedTests.a */ = {isa = PBXFileReference; explicitFileType = archive.ar; includeInIndex = 0; path = "libPods-FashionNewsFeedTests.a"; sourceTree = BUILT_PRODUCTS_DIR; };
		A805F0CB9ED6D9B769622224 /* Pods-FashionNewsFeedTests.release.xcconfig */ = {isa = PBXFileReference; includeInIndex = 1; lastKnownFileType = text.xcconfig; name = "Pods-FashionNewsFeedTests.release.xcconfig"; path = "Pods/Target Support Files/Pods-FashionNewsFeedTests/Pods-FashionNewsFeedTests.release.xcconfig"; sourceTree = "<group>"; };
/* End PBXFileReference section */

/* Begin PBXFrameworksBuildPhase section */
		836250861AC5E39400370340 /* Frameworks */ = {
			isa = PBXFrameworksBuildPhase;
			buildActionMask = 2147483647;
			files = (
				8505FBD5CEFF5EE843A393DD /* libPods-FashionNewsFeed.a in Frameworks */,
			);
			runOnlyForDeploymentPostprocessing = 0;
		};
		8362509F1AC5E39400370340 /* Frameworks */ = {
			isa = PBXFrameworksBuildPhase;
			buildActionMask = 2147483647;
			files = (
				34B828F12837BAB923F3D16B /* libPods-FashionNewsFeedTests.a in Frameworks */,
			);
			runOnlyForDeploymentPostprocessing = 0;
		};
/* End PBXFrameworksBuildPhase section */

/* Begin PBXGroup section */
		831008DC1ACADC6900270301 /* API */ = {
			isa = PBXGroup;
			children = (
				838A28C51ACBE48A004F3298 /* FashionCollectionAPI.h */,
				838A28C61ACBE48A004F3298 /* FashionCollectionAPI.m */,
				838A28C81ACBE4AD004F3298 /* PersistencyManager.h */,
				838A28C91ACBE4AD004F3298 /* PersistencyManager.m */,
				838A28CB1ACBE4C4004F3298 /* FCHTTPClient.h */,
				838A28CC1ACBE4C4004F3298 /* FCHTTPClient.m */,
				2A2B634B1ADD9FB7004C6CCB /* FCResponseDeserializer.h */,
				2A2B634C1ADD9FB7004C6CCB /* FCResponseDeserializer.m */,
			);
			name = API;
			sourceTree = "<group>";
		};
		831008DD1ACADC7000270301 /* Controller */ = {
			isa = PBXGroup;
			children = (
				836250931AC5E39400370340 /* MainViewController.h */,
				836250941AC5E39400370340 /* MainViewController.m */,
				836250B21AC5E4A200370340 /* PageContentViewController.h */,
				836B8A0A1AE94048002A37D2 /* PageContentViewController.m */,
				832B3A881ACA918B00D34619 /* SideBarMenuTableViewContoller.h */,
				832B3A891ACA918B00D34619 /* SideBarMenuTableViewContoller.m */,
				832B3A8B1ACA922900D34619 /* NewsContentContoller.h */,
				832B3A8C1ACA922900D34619 /* NewsContentContoller.m */,
			);
			name = Controller;
			sourceTree = "<group>";
		};
		831008DE1ACADC7700270301 /* View */ = {
			isa = PBXGroup;
			children = (
				83F4B35E1ACEE6B60055E865 /* NavigationBarWithBottomStroke.h */,
				83F4B35F1ACEE6B60055E865 /* NavigationBarWithBottomStroke.m */,
				866336C21AD85C02003CE4DC /* FCTableViewCell.h */,
				866336C31AD85C02003CE4DC /* FCTableViewCell.m */,
				836B8A071AE4CC6A002A37D2 /* newsFeaturedImageView.h */,
				836B8A081AE4CC6A002A37D2 /* newsFeaturedImageView.m */,
				8329227E1AEBB57600FE6761 /* FCTableViewCell2.h */,
				8329227F1AEBB57600FE6761 /* FCTableViewCell2.m */,
			);
			name = View;
			sourceTree = "<group>";
		};
		831008DF1ACADC7A00270301 /* Model */ = {
			isa = PBXGroup;
			children = (
				2AFD716F1AD46B3300DA1FA2 /* FCCategory.h */,
				2AFD71711AD46B3300DA1FA2 /* FCCategory.m */,
				2AFD71701AD46B3300DA1FA2 /* FCPost.h */,
				2AFD71721AD46B3300DA1FA2 /* FCPost.m */,
				2A88DA681AD32328007A618C /* FCAuthor.h */,
				2A88DA691AD32328007A618C /* FCAuthor.m */,
				2A88DA6B1AD32352007A618C /* FCFeaturedImage.h */,
				2A88DA6C1AD32352007A618C /* FCFeaturedImage.m */,
				2A88DA6E1AD3237B007A618C /* FCAttachmentMeta.h */,
				2A88DA6F1AD3237B007A618C /* FCAttachmentMeta.m */,
				2A88DA711AD32393007A618C /* FCTerms.h */,
				2A88DA721AD32393007A618C /* FCTerms.m */,
				2A88DA741AD323B7007A618C /* FCPostTag.h */,
				2A88DA751AD323B7007A618C /* FCPostTag.m */,
			);
			name = Model;
			sourceTree = "<group>";
		};
		836250801AC5E39400370340 = {
			isa = PBXGroup;
			children = (
				8362508B1AC5E39400370340 /* FashionNewsFeed */,
				836250A51AC5E39400370340 /* FashionNewsFeedTests */,
				8362508A1AC5E39400370340 /* Products */,
				BB9F83F7CD4947F62BD8A65C /* Pods */,
				F55857680260D0997B01C85F /* Frameworks */,
			);
			sourceTree = "<group>";
		};
		8362508A1AC5E39400370340 /* Products */ = {
			isa = PBXGroup;
			children = (
				836250891AC5E39400370340 /* FashionNewsFeed.app */,
				836250A21AC5E39400370340 /* FashionNewsFeedTests.xctest */,
			);
			name = Products;
			sourceTree = "<group>";
		};
		8362508B1AC5E39400370340 /* FashionNewsFeed */ = {
			isa = PBXGroup;
			children = (
				836250961AC5E39400370340 /* Main.storyboard */,
				831008DF1ACADC7A00270301 /* Model */,
				831008DE1ACADC7700270301 /* View */,
				831008DD1ACADC7000270301 /* Controller */,
				831008DC1ACADC6900270301 /* API */,
				86628BB21ADB0C4600B56E0C /* CoreData */,
				836250901AC5E39400370340 /* AppDelegate.h */,
				836250911AC5E39400370340 /* AppDelegate.m */,
				8362508C1AC5E39400370340 /* Supporting Files */,
			);
			path = FashionNewsFeed;
			sourceTree = "<group>";
		};
		8362508C1AC5E39400370340 /* Supporting Files */ = {
			isa = PBXGroup;
			children = (
				83AC6B801AC7E186001544A6 /* SWRevealViewController */,
				8362509B1AC5E39400370340 /* LaunchScreen.xib */,
				836250991AC5E39400370340 /* Images.xcassets */,
				8362508D1AC5E39400370340 /* Info.plist */,
				8362508E1AC5E39400370340 /* main.m */,
			);
			name = "Supporting Files";
			sourceTree = "<group>";
		};
		836250A51AC5E39400370340 /* FashionNewsFeedTests */ = {
			isa = PBXGroup;
			children = (
				836250A81AC5E39400370340 /* FashionNewsFeedTests.m */,
				2AA8A5421AD5C70600530047 /* FCHTTPClientTests.m */,
				2A6514A71ADF1F490046BA76 /* FashionCollectionAPITests.m */,
				836250A61AC5E39400370340 /* Supporting Files */,
			);
			path = FashionNewsFeedTests;
			sourceTree = "<group>";
		};
		836250A61AC5E39400370340 /* Supporting Files */ = {
			isa = PBXGroup;
			children = (
				836250A71AC5E39400370340 /* Info.plist */,
			);
			name = "Supporting Files";
			sourceTree = "<group>";
		};
		83AC6B801AC7E186001544A6 /* SWRevealViewController */ = {
			isa = PBXGroup;
			children = (
				83AC6B811AC7E186001544A6 /* SWRevealViewController.h */,
				83AC6B821AC7E186001544A6 /* SWRevealViewController.m */,
			);
			path = SWRevealViewController;
			sourceTree = "<group>";
		};
		86628BB21ADB0C4600B56E0C /* CoreData */ = {
			isa = PBXGroup;
			children = (
				868C1E161AD85F4700AEEBFF /* coreData.xcdatamodeld */,
				861556771AE82F5E0060EAB2 /* DataAuthor.h */,
				861556781AE82F5E0060EAB2 /* DataAuthor.m */,
				861556741AE82F5E0060EAB2 /* DataPost.h */,
				861556751AE82F5E0060EAB2 /* DataPost.m */,
				861556711AE82F5E0060EAB2 /* DataTerms.h */,
				861556721AE82F5E0060EAB2 /* DataTerms.m */,
				8615566E1AE82F5E0060EAB2 /* DataPostTag.h */,
				8615566F1AE82F5E0060EAB2 /* DataPostTag.m */,
				8615566B1AE82F5D0060EAB2 /* DataCategory.h */,
				8615566C1AE82F5D0060EAB2 /* DataCategory.m */,
			);
			name = CoreData;
			sourceTree = "<group>";
		};
		BB9F83F7CD4947F62BD8A65C /* Pods */ = {
			isa = PBXGroup;
			children = (
				7F1612489324A6B0BE012158 /* Pods-FashionNewsFeed.debug.xcconfig */,
				11172E0DC9B8ACB18D45F871 /* Pods-FashionNewsFeed.release.xcconfig */,
				135EB12A5DDD5B6DE7B3FE5A /* Pods-FashionNewsFeedTests.debug.xcconfig */,
				A805F0CB9ED6D9B769622224 /* Pods-FashionNewsFeedTests.release.xcconfig */,
			);
			name = Pods;
			sourceTree = "<group>";
		};
		F55857680260D0997B01C85F /* Frameworks */ = {
			isa = PBXGroup;
			children = (
				771DCDCF14237555CD2ADE17 /* libPods-FashionNewsFeed.a */,
				9FDD1CC86E81D5154F3E3DAF /* libPods-FashionNewsFeedTests.a */,
			);
			name = Frameworks;
			sourceTree = "<group>";
		};
/* End PBXGroup section */

/* Begin PBXNativeTarget section */
		836250881AC5E39400370340 /* FashionNewsFeed */ = {
			isa = PBXNativeTarget;
			buildConfigurationList = 836250AC1AC5E39400370340 /* Build configuration list for PBXNativeTarget "FashionNewsFeed" */;
			buildPhases = (
				DF226C9AF1346A8EFB4F53D3 /* Check Pods Manifest.lock */,
				836250851AC5E39400370340 /* Sources */,
				836250861AC5E39400370340 /* Frameworks */,
				836250871AC5E39400370340 /* Resources */,
				E284822E391C1ADC87A45BDE /* Copy Pods Resources */,
			);
			buildRules = (
			);
			dependencies = (
			);
			name = FashionNewsFeed;
			productName = FashionNewsFeed;
			productReference = 836250891AC5E39400370340 /* FashionNewsFeed.app */;
			productType = "com.apple.product-type.application";
		};
		836250A11AC5E39400370340 /* FashionNewsFeedTests */ = {
			isa = PBXNativeTarget;
			buildConfigurationList = 836250AF1AC5E39400370340 /* Build configuration list for PBXNativeTarget "FashionNewsFeedTests" */;
			buildPhases = (
				CF3738E3C3D3A960AA1F91A9 /* Check Pods Manifest.lock */,
				8362509E1AC5E39400370340 /* Sources */,
				8362509F1AC5E39400370340 /* Frameworks */,
				836250A01AC5E39400370340 /* Resources */,
				0A8920FEE7911ED7E834DDC4 /* Copy Pods Resources */,
			);
			buildRules = (
			);
			dependencies = (
				836250A41AC5E39400370340 /* PBXTargetDependency */,
			);
			name = FashionNewsFeedTests;
			productName = FashionNewsFeedTests;
			productReference = 836250A21AC5E39400370340 /* FashionNewsFeedTests.xctest */;
			productType = "com.apple.product-type.bundle.unit-test";
		};
/* End PBXNativeTarget section */

/* Begin PBXProject section */
		836250811AC5E39400370340 /* Project object */ = {
			isa = PBXProject;
			attributes = {
				LastUpgradeCheck = 0620;
				ORGANIZATIONNAME = "Anton Dosov";
				TargetAttributes = {
					836250881AC5E39400370340 = {
						CreatedOnToolsVersion = 6.2;
					};
					836250A11AC5E39400370340 = {
						CreatedOnToolsVersion = 6.2;
						TestTargetID = 836250881AC5E39400370340;
					};
				};
			};
			buildConfigurationList = 836250841AC5E39400370340 /* Build configuration list for PBXProject "FashionNewsFeed" */;
			compatibilityVersion = "Xcode 3.2";
			developmentRegion = English;
			hasScannedForEncodings = 0;
			knownRegions = (
				en,
				Base,
			);
			mainGroup = 836250801AC5E39400370340;
			productRefGroup = 8362508A1AC5E39400370340 /* Products */;
			projectDirPath = "";
			projectRoot = "";
			targets = (
				836250881AC5E39400370340 /* FashionNewsFeed */,
				836250A11AC5E39400370340 /* FashionNewsFeedTests */,
			);
		};
/* End PBXProject section */

/* Begin PBXResourcesBuildPhase section */
		836250871AC5E39400370340 /* Resources */ = {
			isa = PBXResourcesBuildPhase;
			buildActionMask = 2147483647;
			files = (
				836250981AC5E39400370340 /* Main.storyboard in Resources */,
				8362509D1AC5E39400370340 /* LaunchScreen.xib in Resources */,
				8362509A1AC5E39400370340 /* Images.xcassets in Resources */,
			);
			runOnlyForDeploymentPostprocessing = 0;
		};
		836250A01AC5E39400370340 /* Resources */ = {
			isa = PBXResourcesBuildPhase;
			buildActionMask = 2147483647;
			files = (
			);
			runOnlyForDeploymentPostprocessing = 0;
		};
/* End PBXResourcesBuildPhase section */

/* Begin PBXShellScriptBuildPhase section */
		0A8920FEE7911ED7E834DDC4 /* Copy Pods Resources */ = {
			isa = PBXShellScriptBuildPhase;
			buildActionMask = 2147483647;
			files = (
			);
			inputPaths = (
			);
			name = "Copy Pods Resources";
			outputPaths = (
			);
			runOnlyForDeploymentPostprocessing = 0;
			shellPath = /bin/sh;
			shellScript = "\"${SRCROOT}/Pods/Target Support Files/Pods-FashionNewsFeedTests/Pods-FashionNewsFeedTests-resources.sh\"\n";
			showEnvVarsInLog = 0;
		};
		CF3738E3C3D3A960AA1F91A9 /* Check Pods Manifest.lock */ = {
			isa = PBXShellScriptBuildPhase;
			buildActionMask = 2147483647;
			files = (
			);
			inputPaths = (
			);
			name = "Check Pods Manifest.lock";
			outputPaths = (
			);
			runOnlyForDeploymentPostprocessing = 0;
			shellPath = /bin/sh;
			shellScript = "diff \"${PODS_ROOT}/../Podfile.lock\" \"${PODS_ROOT}/Manifest.lock\" > /dev/null\nif [[ $? != 0 ]] ; then\n    cat << EOM\nerror: The sandbox is not in sync with the Podfile.lock. Run 'pod install' or update your CocoaPods installation.\nEOM\n    exit 1\nfi\n";
			showEnvVarsInLog = 0;
		};
		DF226C9AF1346A8EFB4F53D3 /* Check Pods Manifest.lock */ = {
			isa = PBXShellScriptBuildPhase;
			buildActionMask = 2147483647;
			files = (
			);
			inputPaths = (
			);
			name = "Check Pods Manifest.lock";
			outputPaths = (
			);
			runOnlyForDeploymentPostprocessing = 0;
			shellPath = /bin/sh;
			shellScript = "diff \"${PODS_ROOT}/../Podfile.lock\" \"${PODS_ROOT}/Manifest.lock\" > /dev/null\nif [[ $? != 0 ]] ; then\n    cat << EOM\nerror: The sandbox is not in sync with the Podfile.lock. Run 'pod install' or update your CocoaPods installation.\nEOM\n    exit 1\nfi\n";
			showEnvVarsInLog = 0;
		};
		E284822E391C1ADC87A45BDE /* Copy Pods Resources */ = {
			isa = PBXShellScriptBuildPhase;
			buildActionMask = 2147483647;
			files = (
			);
			inputPaths = (
			);
			name = "Copy Pods Resources";
			outputPaths = (
			);
			runOnlyForDeploymentPostprocessing = 0;
			shellPath = /bin/sh;
			shellScript = "\"${SRCROOT}/Pods/Target Support Files/Pods-FashionNewsFeed/Pods-FashionNewsFeed-resources.sh\"\n";
			showEnvVarsInLog = 0;
		};
/* End PBXShellScriptBuildPhase section */

/* Begin PBXSourcesBuildPhase section */
		836250851AC5E39400370340 /* Sources */ = {
			isa = PBXSourcesBuildPhase;
			buildActionMask = 2147483647;
			files = (
				861556791AE82F5E0060EAB2 /* DataAuthor.m in Sources */,
				2A88DA6D1AD32352007A618C /* FCFeaturedImage.m in Sources */,
				8615566D1AE82F5D0060EAB2 /* DataCategory.m in Sources */,
				836250951AC5E39400370340 /* MainViewController.m in Sources */,
				2A88DA761AD323B7007A618C /* FCPostTag.m in Sources */,
				861556731AE82F5E0060EAB2 /* DataTerms.m in Sources */,
				838A28CA1ACBE4AD004F3298 /* PersistencyManager.m in Sources */,
				2AFD71731AD46B3300DA1FA2 /* FCCategory.m in Sources */,
				861556761AE82F5E0060EAB2 /* DataPost.m in Sources */,
				836B8A0B1AE94048002A37D2 /* PageContentViewController.m in Sources */,
				2AF330C81AD91E5E00E1CB68 /* ExampleContent in Sources */,
				832B3A8A1ACA918B00D34619 /* SideBarMenuTableViewContoller.m in Sources */,
				2A2B634D1ADD9FB7004C6CCB /* FCResponseDeserializer.m in Sources */,
				838A28C71ACBE48A004F3298 /* FashionCollectionAPI.m in Sources */,
				2A88DA731AD32393007A618C /* FCTerms.m in Sources */,
				83AC6B831AC7E186001544A6 /* SWRevealViewController.m in Sources */,
				836B8A091AE4CC6A002A37D2 /* newsFeaturedImageView.m in Sources */,
				832B3A8D1ACA922900D34619 /* NewsContentContoller.m in Sources */,
				832922801AEBB57600FE6761 /* FCTableViewCell2.m in Sources */,
				83F4B3601ACEE6B60055E865 /* NavigationBarWithBottomStroke.m in Sources */,
				866336C41AD85C02003CE4DC /* FCTableViewCell.m in Sources */,
				836250921AC5E39400370340 /* AppDelegate.m in Sources */,
				838A28CD1ACBE4C4004F3298 /* FCHTTPClient.m in Sources */,
				8362508F1AC5E39400370340 /* main.m in Sources */,
				2A88DA6A1AD32328007A618C /* FCAuthor.m in Sources */,
				2AFD71741AD46B3300DA1FA2 /* FCPost.m in Sources */,
				861556701AE82F5E0060EAB2 /* DataPostTag.m in Sources */,
				868C1E181AD85F4700AEEBFF /* coreData.xcdatamodeld in Sources */,
				2A88DA701AD3237B007A618C /* FCAttachmentMeta.m in Sources */,
			);
			runOnlyForDeploymentPostprocessing = 0;
		};
		8362509E1AC5E39400370340 /* Sources */ = {
			isa = PBXSourcesBuildPhase;
			buildActionMask = 2147483647;
			files = (
				836250A91AC5E39400370340 /* FashionNewsFeedTests.m in Sources */,
				2AA8A5431AD5C70600530047 /* FCHTTPClientTests.m in Sources */,
				2A6514A81ADF1F490046BA76 /* FashionCollectionAPITests.m in Sources */,
			);
			runOnlyForDeploymentPostprocessing = 0;
		};
/* End PBXSourcesBuildPhase section */

/* Begin PBXTargetDependency section */
		836250A41AC5E39400370340 /* PBXTargetDependency */ = {
			isa = PBXTargetDependency;
			target = 836250881AC5E39400370340 /* FashionNewsFeed */;
			targetProxy = 836250A31AC5E39400370340 /* PBXContainerItemProxy */;
		};
/* End PBXTargetDependency section */

/* Begin PBXVariantGroup section */
		836250961AC5E39400370340 /* Main.storyboard */ = {
			isa = PBXVariantGroup;
			children = (
				836250971AC5E39400370340 /* Base */,
			);
			name = Main.storyboard;
			sourceTree = "<group>";
		};
		8362509B1AC5E39400370340 /* LaunchScreen.xib */ = {
			isa = PBXVariantGroup;
			children = (
				8362509C1AC5E39400370340 /* Base */,
			);
			name = LaunchScreen.xib;
			sourceTree = "<group>";
		};
/* End PBXVariantGroup section */

/* Begin XCBuildConfiguration section */
		836250AA1AC5E39400370340 /* Debug */ = {
			isa = XCBuildConfiguration;
			buildSettings = {
				ALWAYS_SEARCH_USER_PATHS = NO;
				CLANG_CXX_LANGUAGE_STANDARD = "gnu++0x";
				CLANG_CXX_LIBRARY = "libc++";
				CLANG_ENABLE_MODULES = YES;
				CLANG_ENABLE_OBJC_ARC = YES;
				CLANG_WARN_BOOL_CONVERSION = YES;
				CLANG_WARN_CONSTANT_CONVERSION = YES;
				CLANG_WARN_DIRECT_OBJC_ISA_USAGE = YES_ERROR;
				CLANG_WARN_EMPTY_BODY = YES;
				CLANG_WARN_ENUM_CONVERSION = YES;
				CLANG_WARN_INT_CONVERSION = YES;
				CLANG_WARN_OBJC_ROOT_CLASS = YES_ERROR;
				CLANG_WARN_UNREACHABLE_CODE = YES;
				CLANG_WARN__DUPLICATE_METHOD_MATCH = YES;
				"CODE_SIGN_IDENTITY[sdk=iphoneos*]" = "iPhone Developer";
				COPY_PHASE_STRIP = NO;
				ENABLE_STRICT_OBJC_MSGSEND = YES;
				GCC_C_LANGUAGE_STANDARD = gnu99;
				GCC_DYNAMIC_NO_PIC = NO;
				GCC_OPTIMIZATION_LEVEL = 0;
				GCC_PREPROCESSOR_DEFINITIONS = (
					"DEBUG=1",
					"$(inherited)",
				);
				GCC_SYMBOLS_PRIVATE_EXTERN = NO;
				GCC_WARN_64_TO_32_BIT_CONVERSION = YES;
				GCC_WARN_ABOUT_RETURN_TYPE = YES_ERROR;
				GCC_WARN_UNDECLARED_SELECTOR = YES;
				GCC_WARN_UNINITIALIZED_AUTOS = YES_AGGRESSIVE;
				GCC_WARN_UNUSED_FUNCTION = YES;
				GCC_WARN_UNUSED_VARIABLE = YES;
				IPHONEOS_DEPLOYMENT_TARGET = 8.2;
				MTL_ENABLE_DEBUG_INFO = YES;
				ONLY_ACTIVE_ARCH = YES;
				SDKROOT = iphoneos;
			};
			name = Debug;
		};
		836250AB1AC5E39400370340 /* Release */ = {
			isa = XCBuildConfiguration;
			buildSettings = {
				ALWAYS_SEARCH_USER_PATHS = NO;
				CLANG_CXX_LANGUAGE_STANDARD = "gnu++0x";
				CLANG_CXX_LIBRARY = "libc++";
				CLANG_ENABLE_MODULES = YES;
				CLANG_ENABLE_OBJC_ARC = YES;
				CLANG_WARN_BOOL_CONVERSION = YES;
				CLANG_WARN_CONSTANT_CONVERSION = YES;
				CLANG_WARN_DIRECT_OBJC_ISA_USAGE = YES_ERROR;
				CLANG_WARN_EMPTY_BODY = YES;
				CLANG_WARN_ENUM_CONVERSION = YES;
				CLANG_WARN_INT_CONVERSION = YES;
				CLANG_WARN_OBJC_ROOT_CLASS = YES_ERROR;
				CLANG_WARN_UNREACHABLE_CODE = YES;
				CLANG_WARN__DUPLICATE_METHOD_MATCH = YES;
				"CODE_SIGN_IDENTITY[sdk=iphoneos*]" = "iPhone Developer";
				COPY_PHASE_STRIP = NO;
				ENABLE_NS_ASSERTIONS = NO;
				ENABLE_STRICT_OBJC_MSGSEND = YES;
				GCC_C_LANGUAGE_STANDARD = gnu99;
				GCC_WARN_64_TO_32_BIT_CONVERSION = YES;
				GCC_WARN_ABOUT_RETURN_TYPE = YES_ERROR;
				GCC_WARN_UNDECLARED_SELECTOR = YES;
				GCC_WARN_UNINITIALIZED_AUTOS = YES_AGGRESSIVE;
				GCC_WARN_UNUSED_FUNCTION = YES;
				GCC_WARN_UNUSED_VARIABLE = YES;
				IPHONEOS_DEPLOYMENT_TARGET = 8.2;
				MTL_ENABLE_DEBUG_INFO = NO;
				SDKROOT = iphoneos;
				VALIDATE_PRODUCT = YES;
			};
			name = Release;
		};
		836250AD1AC5E39400370340 /* Debug */ = {
			isa = XCBuildConfiguration;
			baseConfigurationReference = 7F1612489324A6B0BE012158 /* Pods-FashionNewsFeed.debug.xcconfig */;
			buildSettings = {
				ASSETCATALOG_COMPILER_APPICON_NAME = AppIcon;
				INFOPLIST_FILE = FashionNewsFeed/Info.plist;
				LD_RUNPATH_SEARCH_PATHS = "$(inherited) @executable_path/Frameworks";
				PRODUCT_NAME = "$(TARGET_NAME)";
			};
			name = Debug;
		};
		836250AE1AC5E39400370340 /* Release */ = {
			isa = XCBuildConfiguration;
			baseConfigurationReference = 11172E0DC9B8ACB18D45F871 /* Pods-FashionNewsFeed.release.xcconfig */;
			buildSettings = {
				ASSETCATALOG_COMPILER_APPICON_NAME = AppIcon;
				INFOPLIST_FILE = FashionNewsFeed/Info.plist;
				LD_RUNPATH_SEARCH_PATHS = "$(inherited) @executable_path/Frameworks";
				PRODUCT_NAME = "$(TARGET_NAME)";
			};
			name = Release;
		};
		836250B01AC5E39400370340 /* Debug */ = {
			isa = XCBuildConfiguration;
			baseConfigurationReference = 135EB12A5DDD5B6DE7B3FE5A /* Pods-FashionNewsFeedTests.debug.xcconfig */;
			buildSettings = {
				BUNDLE_LOADER = "$(TEST_HOST)";
				FRAMEWORK_SEARCH_PATHS = (
					"$(SDKROOT)/Developer/Library/Frameworks",
					"$(inherited)",
				);
				GCC_PREPROCESSOR_DEFINITIONS = (
					"DEBUG=1",
					"$(inherited)",
				);
				INFOPLIST_FILE = FashionNewsFeedTests/Info.plist;
				LD_RUNPATH_SEARCH_PATHS = "$(inherited) @executable_path/Frameworks @loader_path/Frameworks";
				PRODUCT_NAME = "$(TARGET_NAME)";
				TEST_HOST = "$(BUILT_PRODUCTS_DIR)/FashionNewsFeed.app/FashionNewsFeed";
			};
			name = Debug;
		};
		836250B11AC5E39400370340 /* Release */ = {
			isa = XCBuildConfiguration;
			baseConfigurationReference = A805F0CB9ED6D9B769622224 /* Pods-FashionNewsFeedTests.release.xcconfig */;
			buildSettings = {
				BUNDLE_LOADER = "$(TEST_HOST)";
				FRAMEWORK_SEARCH_PATHS = (
					"$(SDKROOT)/Developer/Library/Frameworks",
					"$(inherited)",
				);
				INFOPLIST_FILE = FashionNewsFeedTests/Info.plist;
				LD_RUNPATH_SEARCH_PATHS = "$(inherited) @executable_path/Frameworks @loader_path/Frameworks";
				PRODUCT_NAME = "$(TARGET_NAME)";
				TEST_HOST = "$(BUILT_PRODUCTS_DIR)/FashionNewsFeed.app/FashionNewsFeed";
			};
			name = Release;
		};
/* End XCBuildConfiguration section */

/* Begin XCConfigurationList section */
		836250841AC5E39400370340 /* Build configuration list for PBXProject "FashionNewsFeed" */ = {
			isa = XCConfigurationList;
			buildConfigurations = (
				836250AA1AC5E39400370340 /* Debug */,
				836250AB1AC5E39400370340 /* Release */,
			);
			defaultConfigurationIsVisible = 0;
			defaultConfigurationName = Release;
		};
		836250AC1AC5E39400370340 /* Build configuration list for PBXNativeTarget "FashionNewsFeed" */ = {
			isa = XCConfigurationList;
			buildConfigurations = (
				836250AD1AC5E39400370340 /* Debug */,
				836250AE1AC5E39400370340 /* Release */,
			);
			defaultConfigurationIsVisible = 0;
			defaultConfigurationName = Release;
		};
		836250AF1AC5E39400370340 /* Build configuration list for PBXNativeTarget "FashionNewsFeedTests" */ = {
			isa = XCConfigurationList;
			buildConfigurations = (
				836250B01AC5E39400370340 /* Debug */,
				836250B11AC5E39400370340 /* Release */,
			);
			defaultConfigurationIsVisible = 0;
			defaultConfigurationName = Release;
		};
/* End XCConfigurationList section */

/* Begin XCVersionGroup section */
		868C1E161AD85F4700AEEBFF /* coreData.xcdatamodeld */ = {
			isa = XCVersionGroup;
			children = (
				868C1E171AD85F4700AEEBFF /* coreData.xcdatamodel */,
			);
			currentVersion = 868C1E171AD85F4700AEEBFF /* coreData.xcdatamodel */;
			name = coreData.xcdatamodeld;
			path = Data/coreData.xcdatamodeld;
			sourceTree = "<group>";
			versionGroupType = wrapper.xcdatamodel;
		};
/* End XCVersionGroup section */
	};
	rootObject = 836250811AC5E39400370340 /* Project object */;
}
